
Microsoft Visual Studio Solution File, Format Version 12.00
# Visual Studio 15
VisualStudioVersion = 15.0.28010.2016
MinimumVisualStudioVersion = 10.0.40219.1
Project("{FAE04EC0-301F-11D3-BF4B-00C04F79EFBC}") = "RazorSharp", "RazorSharp\RazorSharp.csproj", "{D350BF0A-5CA4-43C3-8F01-32F561FE0727}"
EndProject
Project("{FAE04EC0-301F-11D3-BF4B-00C04F79EFBC}") = "Test", "Test\Test.csproj", "{B2CA536C-C670-4643-A5C7-C57070E95223}"
EndProject
Global
	GlobalSection(SolutionConfigurationPlatforms) = preSolution
		Debug|Any CPU = Debug|Any CPU
		Release|Any CPU = Release|Any CPU
	EndGlobalSection
	GlobalSection(ProjectConfigurationPlatforms) = postSolution
		{D350BF0A-5CA4-43C3-8F01-32F561FE0727}.Debug|Any CPU.ActiveCfg = Debug|Any CPU
		{D350BF0A-5CA4-43C3-8F01-32F561FE0727}.Debug|Any CPU.Build.0 = Debug|Any CPU
		{D350BF0A-5CA4-43C3-8F01-32F561FE0727}.Release|Any CPU.ActiveCfg = Release|Any CPU
		{D350BF0A-5CA4-43C3-8F01-32F561FE0727}.Release|Any CPU.Build.0 = Release|Any CPU
		{B2CA536C-C670-4643-A5C7-C57070E95223}.Debug|Any CPU.ActiveCfg = Debug|Any CPU
		{B2CA536C-C670-4643-A5C7-C57070E95223}.Debug|Any CPU.Build.0 = Debug|Any CPU
		{B2CA536C-C670-4643-A5C7-C57070E95223}.Release|Any CPU.ActiveCfg = Release|Any CPU
		{B2CA536C-C670-4643-A5C7-C57070E95223}.Release|Any CPU.Build.0 = Release|Any CPU
	EndGlobalSection
	GlobalSection(SolutionProperties) = preSolution
		HideSolutionNode = FALSE
	EndGlobalSection
	GlobalSection(ExtensibilityGlobals) = postSolution
		SolutionGuid = {22D521BA-2C52-4408-A385-DA2E6A9DE6E2}
	EndGlobalSection
EndGlobal
